
Microsoft Visual Studio Solution File, Format Version 12.00
# Visual Studio Version 16
VisualStudioVersion = 16.0.29806.167
MinimumVisualStudioVersion = 10.0.40219.1
Project("{9A19103F-16F7-4668-BE54-9A1E7A4F7556}") = "OverPaw", "OverPaw\OverPaw.csproj", "{B1995424-F695-4151-BE5F-78A887C54463}"
EndProject
Project("{9A19103F-16F7-4668-BE54-9A1E7A4F7556}") = "OverPaw.Services", "OverPaw.Services\OverPaw.Services.csproj", "{E4F06E9E-C898-4D11-9633-35D44C6F2E08}"
EndProject
Project("{FAE04EC0-301F-11D3-BF4B-00C04F79EFBC}") = "OverPaw.Services.Models", "OverPaw.Services.Models\OverPaw.Services.Models.csproj", "{8F934086-1020-40CA-8A9E-941A10639086}"
EndProject
Project("{FAE04EC0-301F-11D3-BF4B-00C04F79EFBC}") = "OverPaw.Data", "OverPaw.Data\OverPaw.Data.csproj", "{CE95C0D4-576B-43F3-AE7A-6848E9B80ADB}"
EndProject
Project("{FAE04EC0-301F-11D3-BF4B-00C04F79EFBC}") = "OverPaw.Data.Models", "OverPaw.Data.Models\OverPaw.Data.Models.csproj", "{1E5138F4-C8C5-41C6-AF76-6C7DC3C03CBF}"
EndProject
Project("{FAE04EC0-301F-11D3-BF4B-00C04F79EFBC}") = "OverPaw.Common", "OverPaw.Common\OverPaw.Common.csproj", "{34165887-FF54-45D1-82FE-941E0F1B439F}"
EndProject
Global
	GlobalSection(SolutionConfigurationPlatforms) = preSolution
		Debug|Any CPU = Debug|Any CPU
		Release|Any CPU = Release|Any CPU
	EndGlobalSection
	GlobalSection(ProjectConfigurationPlatforms) = postSolution
		{B1995424-F695-4151-BE5F-78A887C54463}.Debug|Any CPU.ActiveCfg = Debug|Any CPU
		{B1995424-F695-4151-BE5F-78A887C54463}.Debug|Any CPU.Build.0 = Debug|Any CPU
		{B1995424-F695-4151-BE5F-78A887C54463}.Release|Any CPU.ActiveCfg = Release|Any CPU
		{B1995424-F695-4151-BE5F-78A887C54463}.Release|Any CPU.Build.0 = Release|Any CPU
		{E4F06E9E-C898-4D11-9633-35D44C6F2E08}.Debug|Any CPU.ActiveCfg = Debug|Any CPU
		{E4F06E9E-C898-4D11-9633-35D44C6F2E08}.Debug|Any CPU.Build.0 = Debug|Any CPU
		{E4F06E9E-C898-4D11-9633-35D44C6F2E08}.Release|Any CPU.ActiveCfg = Release|Any CPU
		{E4F06E9E-C898-4D11-9633-35D44C6F2E08}.Release|Any CPU.Build.0 = Release|Any CPU
		{8F934086-1020-40CA-8A9E-941A10639086}.Debug|Any CPU.ActiveCfg = Debug|Any CPU
		{8F934086-1020-40CA-8A9E-941A10639086}.Debug|Any CPU.Build.0 = Debug|Any CPU
		{8F934086-1020-40CA-8A9E-941A10639086}.Release|Any CPU.ActiveCfg = Release|Any CPU
		{8F934086-1020-40CA-8A9E-941A10639086}.Release|Any CPU.Build.0 = Release|Any CPU
		{CE95C0D4-576B-43F3-AE7A-6848E9B80ADB}.Debug|Any CPU.ActiveCfg = Debug|Any CPU
		{CE95C0D4-576B-43F3-AE7A-6848E9B80ADB}.Debug|Any CPU.Build.0 = Debug|Any CPU
		{CE95C0D4-576B-43F3-AE7A-6848E9B80ADB}.Release|Any CPU.ActiveCfg = Release|Any CPU
		{CE95C0D4-576B-43F3-AE7A-6848E9B80ADB}.Release|Any CPU.Build.0 = Release|Any CPU
		{1E5138F4-C8C5-41C6-AF76-6C7DC3C03CBF}.Debug|Any CPU.ActiveCfg = Debug|Any CPU
		{1E5138F4-C8C5-41C6-AF76-6C7DC3C03CBF}.Debug|Any CPU.Build.0 = Debug|Any CPU
		{1E5138F4-C8C5-41C6-AF76-6C7DC3C03CBF}.Release|Any CPU.ActiveCfg = Release|Any CPU
		{1E5138F4-C8C5-41C6-AF76-6C7DC3C03CBF}.Release|Any CPU.Build.0 = Release|Any CPU
		{34165887-FF54-45D1-82FE-941E0F1B439F}.Debug|Any CPU.ActiveCfg = Debug|Any CPU
		{34165887-FF54-45D1-82FE-941E0F1B439F}.Debug|Any CPU.Build.0 = Debug|Any CPU
		{34165887-FF54-45D1-82FE-941E0F1B439F}.Release|Any CPU.ActiveCfg = Release|Any CPU
		{34165887-FF54-45D1-82FE-941E0F1B439F}.Release|Any CPU.Build.0 = Release|Any CPU
	EndGlobalSection
	GlobalSection(SolutionProperties) = preSolution
		HideSolutionNode = FALSE
	EndGlobalSection
	GlobalSection(ExtensibilityGlobals) = postSolution
		SolutionGuid = {4798BE8C-5076-4248-8CD0-6894EFCBF085}
	EndGlobalSection
EndGlobal
